
Microsoft Visual Studio Solution File, Format Version 12.00
# Visual Studio Version 17
VisualStudioVersion = 17.5.33530.505
MinimumVisualStudioVersion = 10.0.40219.1
Project("{9A19103F-16F7-4668-BE54-9A1E7A4F7556}") = "WebApi", "WebApi\WebApi.csproj", "{C849EC9A-AEAD-4F8A-9B66-AA2C8399F712}"
EndProject
Project("{E53339B2-1760-4266-BCC7-CA923CBCF16C}") = "docker-compose", "docker-compose.dcproj", "{ED2016A9-55C4-4D6A-8FE4-2A467F5BD321}"
EndProject
Global
	GlobalSection(SolutionConfigurationPlatforms) = preSolution
		Debug|Any CPU = Debug|Any CPU
		Release|Any CPU = Release|Any CPU
	EndGlobalSection
	GlobalSection(ProjectConfigurationPlatforms) = postSolution
		{C849EC9A-AEAD-4F8A-9B66-AA2C8399F712}.Debug|Any CPU.ActiveCfg = Debug|Any CPU
		{C849EC9A-AEAD-4F8A-9B66-AA2C8399F712}.Debug|Any CPU.Build.0 = Debug|Any CPU
		{C849EC9A-AEAD-4F8A-9B66-AA2C8399F712}.Release|Any CPU.ActiveCfg = Release|Any CPU
		{C849EC9A-AEAD-4F8A-9B66-AA2C8399F712}.Release|Any CPU.Build.0 = Release|Any CPU
		{ED2016A9-55C4-4D6A-8FE4-2A467F5BD321}.Debug|Any CPU.ActiveCfg = Debug|Any CPU
		{ED2016A9-55C4-4D6A-8FE4-2A467F5BD321}.Debug|Any CPU.Build.0 = Debug|Any CPU
		{ED2016A9-55C4-4D6A-8FE4-2A467F5BD321}.Release|Any CPU.ActiveCfg = Release|Any CPU
		{ED2016A9-55C4-4D6A-8FE4-2A467F5BD321}.Release|Any CPU.Build.0 = Release|Any CPU
	EndGlobalSection
	GlobalSection(SolutionProperties) = preSolution
		HideSolutionNode = FALSE
	EndGlobalSection
	GlobalSection(ExtensibilityGlobals) = postSolution
		SolutionGuid = {20526F67-320A-4717-9565-A18B3577D519}
	EndGlobalSection
EndGlobal
